{"packages":{"web_components":{"version":"0.2.4","source":"hosted","description":"web_components"},"unittest":{"version":"0.0.0-r.13851","source":"sdk","description":"unittest"},"js":{"version":"0.0.7","source":"hosted","description":"js"},"args":{"version":"0.0.0-r.13851","source":"sdk","description":"args"},"html5lib":{"version":"0.0.18","source":"hosted","description":"html5lib"},"logging":{"version":"0.0.0-r.13851","source":"sdk","description":"logging"}}}